
Microsoft Visual Studio Solution File, Format Version 12.00
# Visual Studio Version 16
VisualStudioVersion = 16.0.31702.278
MinimumVisualStudioVersion = 10.0.40219.1
Project("{9A19103F-16F7-4668-BE54-9A1E7A4F7556}") = "TestUssd", "TestUssd\TestUssd.csproj", "{90B131B4-B317-4310-9BD1-E5B89531E5FF}"
EndProject
Project("{9A19103F-16F7-4668-BE54-9A1E7A4F7556}") = "TestUssd.Core", "TestUssd.Core\TestUssd.Core.csproj", "{1A049F02-BEFA-418F-B131-ACFEBD704114}"
EndProject
Project("{FAE04EC0-301F-11D3-BF4B-00C04F79EFBC}") = "TestUssd.Tests", "TestUssd.Tests\TestUssd.Tests.csproj", "{DA06860C-933D-4B4B-B501-9F02A6C2F34A}"
EndProject
Global
	GlobalSection(SolutionConfigurationPlatforms) = preSolution
		Debug|Any CPU = Debug|Any CPU
		Release|Any CPU = Release|Any CPU
	EndGlobalSection
	GlobalSection(ProjectConfigurationPlatforms) = postSolution
		{90B131B4-B317-4310-9BD1-E5B89531E5FF}.Debug|Any CPU.ActiveCfg = Debug|Any CPU
		{90B131B4-B317-4310-9BD1-E5B89531E5FF}.Debug|Any CPU.Build.0 = Debug|Any CPU
		{90B131B4-B317-4310-9BD1-E5B89531E5FF}.Release|Any CPU.ActiveCfg = Release|Any CPU
		{90B131B4-B317-4310-9BD1-E5B89531E5FF}.Release|Any CPU.Build.0 = Release|Any CPU
		{1A049F02-BEFA-418F-B131-ACFEBD704114}.Debug|Any CPU.ActiveCfg = Debug|Any CPU
		{1A049F02-BEFA-418F-B131-ACFEBD704114}.Debug|Any CPU.Build.0 = Debug|Any CPU
		{1A049F02-BEFA-418F-B131-ACFEBD704114}.Release|Any CPU.ActiveCfg = Release|Any CPU
		{1A049F02-BEFA-418F-B131-ACFEBD704114}.Release|Any CPU.Build.0 = Release|Any CPU
		{DA06860C-933D-4B4B-B501-9F02A6C2F34A}.Debug|Any CPU.ActiveCfg = Debug|Any CPU
		{DA06860C-933D-4B4B-B501-9F02A6C2F34A}.Debug|Any CPU.Build.0 = Debug|Any CPU
		{DA06860C-933D-4B4B-B501-9F02A6C2F34A}.Release|Any CPU.ActiveCfg = Release|Any CPU
		{DA06860C-933D-4B4B-B501-9F02A6C2F34A}.Release|Any CPU.Build.0 = Release|Any CPU
	EndGlobalSection
	GlobalSection(SolutionProperties) = preSolution
		HideSolutionNode = FALSE
	EndGlobalSection
	GlobalSection(ExtensibilityGlobals) = postSolution
		SolutionGuid = {9037FBFD-5CCE-46E6-8D7A-FD0C82BA1F5B}
	EndGlobalSection
EndGlobal
